github.com/beorn7/perks v1.0.1 h1:VlbKKnNfV8bJzeqoa4cOKqO6bYr3WgKZxO8Z16+hsOM=
github.com/beorn7/perks v1.0.1/go.mod h1:G2ZrVWU2WbWT9wwq4/hrbKbnv/1ERSJQ0ibhJ6rlkpw=
github.com/cespare/xxhash/v2 v2.2.0 h1:DC2CZ1Ep5Y4k3ZQ8zDhl1IIOj3UrvO6zQauSCWP6obM=
github.com/cespare/xxhash/v2 v2.2.0/go.mod h1:XVo+yfpR9BTs7exl7byl6ATXv7Jis9l4XT7VMwD7GGs=
github.com/davecgh/go-spew v1.1.0/go.mod h1:J7Y8YcW2NihsgmVo/mv3lAwl/skON4iLHjSsI+c5H38=
github.com/davecgh/go-spew v1.1.1 h1:vj9j/u1bqnvCEfJOwUhtlOARqs3+rkHYY13jYWTU97c=
github.com/davecgh/go-spew v1.1.1/go.mod h1:J7Y8YcW2NihsgmVo/mv3lAwl/skON4iLHjSsI+c5H38=
github.com/eclipse/paho.mqtt.golang v1.4.3 h1:2kwcUGnQse6bBrYm0Q1JJ/7uXGko7R6f84Rf/Lq0TIo=
github.com/eclipse/paho.mqtt.golang v1.4.3/go.mod h1:CSYvoAls/khQjpFnMqdXCEs2nvm2lk7YH8M5mJUFIuY=
github.com/golang/protobuf v1.5.0/go.mod h1:Fv78uhk4i3QlKVEVnuAtQH5DWEOVeh16V5fBJVj6WQ2I=
github.com/golang/protobuf v1.5.3 h1:KhyjKVUg7Usr/dYsdSqoFveMYd5ko72D+zANwlG1mmg=
github.com/golang/protobuf v1.5.3/go.mod h1:XVQd3VNwM+JqD3oG2Ue2ip4fOMUkwXdXDdiuN0vRsmY=
github.com/gorilla/websocket v1.5.1 h1:gm7tnJzfvNZmVDfWVnh/2eG3QgmVMi0f2IDHezDMqLQ=
github.com/gorilla/websocket v1.5.1/go.mod h1:x3kM2JMyaluk02fn22J05SQ4Prk0tv9UZqeGSGGP47Y=
github.com/influxdata/influxdb-client-go/v2 v2.12.3 h1:bU6grakTjaGK4t6ZQgPbzj2LQ2tE5dLhK9cX6E2qN6U=
github.com/influxdata/influxdb-client-go/v2 v2.12.3/go.mod h1:qxQ95w5I4bHFbJmQq7wJiu5BbU5dYPgS8RJ4ZWT7SUA=
github.com/influxdata/line-protocol v0.0.0-20210922203350-b1ad95c89adf h1:7JT4ueYOZqgl3HlgSkxHv9s1FDkUHaPU6U9UcvOV6g4=
github.com/influxdata/line-protocol v0.0.0-20210922203350-b1ad95c89adf/go.mod h1:XAktXFJ2w7e7QZS0g5ILZFozW+DbHmYBd4f0Kc9eB5c=
github.com/mattn/go-sqlite3 v1.14.19 h1:J7b/1Q6k3gabR7CqH7QECkbzJm2JDfnQ4H5Na9/wxlI=
github.com/mattn/go-sqlite3 v1.14.19/go.mod h1:2eHXhiwb8IkHr+BDWZGa96P6+rkvnG63S2Ku1nQcLUE=
github.com/matttproud/golang_protobuf_extensions/v2 v2.0.0 h1:jWpvCLoY8Z/e3VKvlsiIGKtc+UG6U5vzxaoagmhXfyg=
github.com/matttproud/golang_protobuf_extensions/v2 v2.0.0/go.mod h1:QUyp042oQthUoa9bqDv0ER0wrtXnBruoNd7aNjkbP+k=
github.com/pmezard/go-difflib v1.0.0 h1:4DBwDE0NGyQoBHbLQYPwSUPoCMWR5BEzIk/f1lZbAQM=
github.com/pmezard/go-difflib v1.0.0/go.mod h1:iKH77koFhYxTK1pcRnkKkqfTogsbg7gZNVY4sRDYZ/4=
github.com/prometheus/client_golang v1.17.0 h1:rl2sfwZMtSthVU752MqfjQozy7blglC+1SOtjMAMh+Q=
github.com/prometheus/client_golang v1.17.0/go.mod h1:VeL+gMmOAxkS2IqfCq0ZmHSL+LjWfWDUmp1mBz9JgUY=
github.com/prometheus/client_model v0.5.0 h1:VQw1hfvPvk3Uv6Qf29VrPF32JB6rtbgI6cYPYQjL0Qw=
github.com/prometheus/client_model v0.5.0/go.mod h1:dTiFglRmd66nLR9Pv9f0mZi7B7fk5Pm3gvsjB5tr+kI=
github.com/prometheus/common v0.45.0 h1:2BGz0eBc2hdMDLnO/8n0jeB3oPrt2D08CekT0lneoxM=
github.com/prometheus/common v0.45.0/go.mod h1:YJmSTw9BoKxJplESWWxlbyttQR4uaEcGyv9MZjVOJsY=
github.com/prometheus/procfs v0.12.0 h1:jluTpSng7V9hY0O2R9DzzJHYb2xULk9VTR1V1R/k6Bo=
github.com/prometheus/procfs v0.12.0/go.mod h1:pcuDEFsWDnvcgNzo4EEweacyhjeA9Zk3cnaOZAZEfOo=
github.com/stretchr/objx v0.1.0/go.mod h1:HFkY916IF+rwdDfMAkV7OtwuqBVzrE8GR6GFx+wExME=
github.com/stretchr/testify v1.7.0/go.mod h1:6Fq8oRcR53rry900zMqJjRRixrwX3KX962/h/Wwjteg=
github.com/stretchr/testify v1.7.1/go.mod h1:6Fq8oRcR53rry900zMqJjRRixrwX3KX962/h/Wwjteg=
golang.org/x/net v0.17.0 h1:pVaXccQ2hAShEdMtfbX7n7G3U0MLNp7Sd7nd9cn0tU4=
golang.org/x/net v0.17.0/go.mod h1:NxS+s3IVPzffH4otgqML8RWLYwMmv8vK5u0zl7hNwaU=
golang.org/x/sync v0.3.0 h1:ftCYgMx6zT/asHUrPw8BLLscYtGznsLAnjq5RH9P66E=
golang.org/x/sync v0.3.0/go.mod h1:FU7BRWz2tNW+3quACPkgCx/L+uEAv1htQ0V83Z9Rj+Y=
google.golang.org/protobuf v1.31.0 h1:g0LDEzHJB7+kV39XLR2J6az0F1Rds90Q+QOh1QmEEaY=
google.golang.org/protobuf v1.31.0/go.mod h1:HV8QOd/L58Z+nl8r43ehVNZIU/HEI6OcFqwMG9pJV4I=
